
Microsoft Visual Studio Solution File, Format Version 12.00
# Visual Studio 15
VisualStudioVersion = 15.0.26228.64
MinimumVisualStudioVersion = 10.0.40219.1
Project("{FAE04EC0-301F-11D3-BF4B-00C04F79EFBC}") = "WebClient", "WebClient\WebClient.csproj", "{79245AA7-2974-4E8F-82DE-E8D0F7C63720}"
EndProject
Global
	GlobalSection(SolutionConfigurationPlatforms) = preSolution
		Debug|Any CPU = Debug|Any CPU
		Release|Any CPU = Release|Any CPU
	EndGlobalSection
	GlobalSection(ProjectConfigurationPlatforms) = postSolution
		{79245AA7-2974-4E8F-82DE-E8D0F7C63720}.Debug|Any CPU.ActiveCfg = Debug|Any CPU
		{79245AA7-2974-4E8F-82DE-E8D0F7C63720}.Debug|Any CPU.Build.0 = Debug|Any CPU
		{79245AA7-2974-4E8F-82DE-E8D0F7C63720}.Release|Any CPU.ActiveCfg = Release|Any CPU
		{79245AA7-2974-4E8F-82DE-E8D0F7C63720}.Release|Any CPU.Build.0 = Release|Any CPU
	EndGlobalSection
	GlobalSection(SolutionProperties) = preSolution
		HideSolutionNode = FALSE
	EndGlobalSection
	GlobalSection(ExtensibilityGlobals) = postSolution
		SolutionGuid = {15FBAFF1-BE1B-4B4E-ABBB-528665D912D9}
	EndGlobalSection
EndGlobal
